
Microsoft Visual Studio Solution File, Format Version 12.00
# Visual Studio 15
VisualStudioVersion = 15.0.28307.438
MinimumVisualStudioVersion = 10.0.40219.1
Project("{2150E333-8FDC-42A3-9474-1A3956D46DE8}") = "0 - Presentation", "0 - Presentation", "{AAD42589-73F4-4C74-97AA-E9D7B654E77E}"
EndProject
Project("{2150E333-8FDC-42A3-9474-1A3956D46DE8}") = "1 - Services", "1 - Services", "{E5E8327A-AF61-41C8-A88F-697A465C4128}"
EndProject
Project("{2150E333-8FDC-42A3-9474-1A3956D46DE8}") = "2 - Application", "2 - Application", "{8608623C-4243-4500-A5C2-BCF3A45D3BC0}"
EndProject
Project("{2150E333-8FDC-42A3-9474-1A3956D46DE8}") = "3 - Domain", "3 - Domain", "{E9ABBCE5-0A7C-488C-9D75-FDA3743976DA}"
EndProject
Project("{2150E333-8FDC-42A3-9474-1A3956D46DE8}") = "4 - Infra", "4 - Infra", "{05FD801E-004D-4871-9C92-2E7AE457966F}"
EndProject
Project("{2150E333-8FDC-42A3-9474-1A3956D46DE8}") = "4.1 - Data", "4.1 - Data", "{DF10A095-F4B7-4763-AB11-3B2FC0A0D569}"
EndProject
Project("{2150E333-8FDC-42A3-9474-1A3956D46DE8}") = "4.1 - CrossCutting", "4.1 - CrossCutting", "{9C324D25-2F84-464A-8938-6FE43931E83C}"
EndProject
Project("{FAE04EC0-301F-11D3-BF4B-00C04F79EFBC}") = "ProjetoModeloDDD.MVC", "ProjetoModeloDDD.MVC\ProjetoModeloDDD.MVC.csproj", "{E04CE847-ED57-4320-B2FA-AB461FE2EA0B}"
EndProject
Project("{FAE04EC0-301F-11D3-BF4B-00C04F79EFBC}") = "ProjetoModeloDDD.Domain", "ProjetoModeloDDD.Domain\ProjetoModeloDDD.Domain.csproj", "{A6A9931A-3349-41CB-8637-868819E99B8E}"
EndProject
Project("{FAE04EC0-301F-11D3-BF4B-00C04F79EFBC}") = "ProjetoModeloDDD.Infra.Data", "ProjetoModeloDDD.Infra.Data\ProjetoModeloDDD.Infra.Data.csproj", "{85017969-2F0A-430A-954B-B05E5AB4FB69}"
EndProject
Project("{FAE04EC0-301F-11D3-BF4B-00C04F79EFBC}") = "ProjetoModeloDDD.Application", "ProjetoModeloDDD.Application\ProjetoModeloDDD.Application.csproj", "{B9BDC7EE-F87F-47B1-9821-86AF674434F9}"
EndProject
Global
	GlobalSection(SolutionConfigurationPlatforms) = preSolution
		Debug|Any CPU = Debug|Any CPU
		Release|Any CPU = Release|Any CPU
	EndGlobalSection
	GlobalSection(ProjectConfigurationPlatforms) = postSolution
		{E04CE847-ED57-4320-B2FA-AB461FE2EA0B}.Debug|Any CPU.ActiveCfg = Debug|Any CPU
		{E04CE847-ED57-4320-B2FA-AB461FE2EA0B}.Debug|Any CPU.Build.0 = Debug|Any CPU
		{E04CE847-ED57-4320-B2FA-AB461FE2EA0B}.Release|Any CPU.ActiveCfg = Release|Any CPU
		{E04CE847-ED57-4320-B2FA-AB461FE2EA0B}.Release|Any CPU.Build.0 = Release|Any CPU
		{A6A9931A-3349-41CB-8637-868819E99B8E}.Debug|Any CPU.ActiveCfg = Debug|Any CPU
		{A6A9931A-3349-41CB-8637-868819E99B8E}.Debug|Any CPU.Build.0 = Debug|Any CPU
		{A6A9931A-3349-41CB-8637-868819E99B8E}.Release|Any CPU.ActiveCfg = Release|Any CPU
		{A6A9931A-3349-41CB-8637-868819E99B8E}.Release|Any CPU.Build.0 = Release|Any CPU
		{85017969-2F0A-430A-954B-B05E5AB4FB69}.Debug|Any CPU.ActiveCfg = Debug|Any CPU
		{85017969-2F0A-430A-954B-B05E5AB4FB69}.Debug|Any CPU.Build.0 = Debug|Any CPU
		{85017969-2F0A-430A-954B-B05E5AB4FB69}.Release|Any CPU.ActiveCfg = Release|Any CPU
		{85017969-2F0A-430A-954B-B05E5AB4FB69}.Release|Any CPU.Build.0 = Release|Any CPU
		{B9BDC7EE-F87F-47B1-9821-86AF674434F9}.Debug|Any CPU.ActiveCfg = Debug|Any CPU
		{B9BDC7EE-F87F-47B1-9821-86AF674434F9}.Debug|Any CPU.Build.0 = Debug|Any CPU
		{B9BDC7EE-F87F-47B1-9821-86AF674434F9}.Release|Any CPU.ActiveCfg = Release|Any CPU
		{B9BDC7EE-F87F-47B1-9821-86AF674434F9}.Release|Any CPU.Build.0 = Release|Any CPU
	EndGlobalSection
	GlobalSection(SolutionProperties) = preSolution
		HideSolutionNode = FALSE
	EndGlobalSection
	GlobalSection(NestedProjects) = preSolution
		{DF10A095-F4B7-4763-AB11-3B2FC0A0D569} = {05FD801E-004D-4871-9C92-2E7AE457966F}
		{9C324D25-2F84-464A-8938-6FE43931E83C} = {05FD801E-004D-4871-9C92-2E7AE457966F}
		{E04CE847-ED57-4320-B2FA-AB461FE2EA0B} = {AAD42589-73F4-4C74-97AA-E9D7B654E77E}
		{A6A9931A-3349-41CB-8637-868819E99B8E} = {E9ABBCE5-0A7C-488C-9D75-FDA3743976DA}
		{85017969-2F0A-430A-954B-B05E5AB4FB69} = {DF10A095-F4B7-4763-AB11-3B2FC0A0D569}
		{B9BDC7EE-F87F-47B1-9821-86AF674434F9} = {8608623C-4243-4500-A5C2-BCF3A45D3BC0}
	EndGlobalSection
	GlobalSection(ExtensibilityGlobals) = postSolution
		SolutionGuid = {B815ED15-2AEB-4703-A559-7C05C0B2F01A}
	EndGlobalSection
EndGlobal
